
Microsoft Visual Studio Solution File, Format Version 12.00
# Visual Studio 15
VisualStudioVersion = 15.0.33423.255
MinimumVisualStudioVersion = 10.0.40219.1
Project("{FAE04EC0-301F-11D3-BF4B-00C04F79EFBC}") = "kingdee.DFZY.Pur.PurOrderBillPlugin", "kingdee.DFZY.Pur.PurOrderBillPlugin\kingdee.DFZY.Pur.PurOrderBillPlugin.csproj", "{1D75EA93-292D-427A-B97A-9E90B225B7D7}"
EndProject
Global
	GlobalSection(SolutionConfigurationPlatforms) = preSolution
		Debug|Any CPU = Debug|Any CPU
		Release|Any CPU = Release|Any CPU
	EndGlobalSection
	GlobalSection(ProjectConfigurationPlatforms) = postSolution
		{1D75EA93-292D-427A-B97A-9E90B225B7D7}.Debug|Any CPU.ActiveCfg = Debug|Any CPU
		{1D75EA93-292D-427A-B97A-9E90B225B7D7}.Debug|Any CPU.Build.0 = Debug|Any CPU
		{1D75EA93-292D-427A-B97A-9E90B225B7D7}.Release|Any CPU.ActiveCfg = Release|Any CPU
		{1D75EA93-292D-427A-B97A-9E90B225B7D7}.Release|Any CPU.Build.0 = Release|Any CPU
	EndGlobalSection
	GlobalSection(SolutionProperties) = preSolution
		HideSolutionNode = FALSE
	EndGlobalSection
	GlobalSection(ExtensibilityGlobals) = postSolution
		SolutionGuid = {8E0F7A6B-5F01-4CFE-AC54-30D81D998B55}
	EndGlobalSection
EndGlobal
